
Microsoft Visual Studio Solution File, Format Version 12.00
# Visual Studio Version 16
VisualStudioVersion = 16.0.30413.136
MinimumVisualStudioVersion = 10.0.40219.1
Project("{FAE04EC0-301F-11D3-BF4B-00C04F79EFBC}") = "WebApplication4", "WebApplication4\WebApplication4.csproj", "{CC35AD94-861F-4AD5-BB1A-46294A710E3F}"
EndProject
Global
	GlobalSection(SolutionConfigurationPlatforms) = preSolution
		Debug|Any CPU = Debug|Any CPU
		Release|Any CPU = Release|Any CPU
	EndGlobalSection
	GlobalSection(ProjectConfigurationPlatforms) = postSolution
		{CC35AD94-861F-4AD5-BB1A-46294A710E3F}.Debug|Any CPU.ActiveCfg = Debug|Any CPU
		{CC35AD94-861F-4AD5-BB1A-46294A710E3F}.Debug|Any CPU.Build.0 = Debug|Any CPU
		{CC35AD94-861F-4AD5-BB1A-46294A710E3F}.Release|Any CPU.ActiveCfg = Release|Any CPU
		{CC35AD94-861F-4AD5-BB1A-46294A710E3F}.Release|Any CPU.Build.0 = Release|Any CPU
	EndGlobalSection
	GlobalSection(SolutionProperties) = preSolution
		HideSolutionNode = FALSE
	EndGlobalSection
	GlobalSection(ExtensibilityGlobals) = postSolution
		SolutionGuid = {B63E150B-C93E-4D65-B587-0970209E4ABD}
	EndGlobalSection
EndGlobal
